
Microsoft Visual Studio Solution File, Format Version 12.00
# Visual Studio Version 16
VisualStudioVersion = 16.0.31515.178
MinimumVisualStudioVersion = 10.0.40219.1
Project("{888888A0-9F3D-457C-B088-3A5042F75D52}") = "CIS261 Course Project - Phase 2", "CIS261 Course Project - Phase 2.pyproj", "{FBFAD2C9-4BBD-46D1-8F32-E181B2F245F3}"
EndProject
Global
	GlobalSection(SolutionConfigurationPlatforms) = preSolution
		Debug|Any CPU = Debug|Any CPU
		Release|Any CPU = Release|Any CPU
	EndGlobalSection
	GlobalSection(ProjectConfigurationPlatforms) = postSolution
		{FBFAD2C9-4BBD-46D1-8F32-E181B2F245F3}.Debug|Any CPU.ActiveCfg = Debug|Any CPU
		{FBFAD2C9-4BBD-46D1-8F32-E181B2F245F3}.Release|Any CPU.ActiveCfg = Release|Any CPU
	EndGlobalSection
	GlobalSection(SolutionProperties) = preSolution
		HideSolutionNode = FALSE
	EndGlobalSection
	GlobalSection(ExtensibilityGlobals) = postSolution
		SolutionGuid = {5365D8BC-BDDA-4E2F-B9D9-D2B029FB0D47}
	EndGlobalSection
EndGlobal
